
Microsoft Visual Studio Solution File, Format Version 12.00
# Visual Studio 15
Project("{FAE04EC0-301F-11D3-BF4B-00C04F79EFBC}") = "Assembly-CSharp", "Assembly-CSharp.csproj", "{AC81B119-B840-FA21-62C6-D7C201532F73}"
EndProject
Project("{FAE04EC0-301F-11D3-BF4B-00C04F79EFBC}") = "Assembly-CSharp-Editor", "Assembly-CSharp-Editor.csproj", "{B08AB2B7-3EAE-8667-7952-0C9C29D8A091}"
EndProject
Global
	GlobalSection(SolutionConfigurationPlatforms) = preSolution
		Debug|Any CPU = Debug|Any CPU
		Release|Any CPU = Release|Any CPU
	EndGlobalSection
	GlobalSection(ProjectConfigurationPlatforms) = postSolution
		{AC81B119-B840-FA21-62C6-D7C201532F73}.Debug|Any CPU.ActiveCfg = Debug|Any CPU
		{AC81B119-B840-FA21-62C6-D7C201532F73}.Debug|Any CPU.Build.0 = Debug|Any CPU
		{AC81B119-B840-FA21-62C6-D7C201532F73}.Release|Any CPU.ActiveCfg = Release|Any CPU
		{AC81B119-B840-FA21-62C6-D7C201532F73}.Release|Any CPU.Build.0 = Release|Any CPU
		{B08AB2B7-3EAE-8667-7952-0C9C29D8A091}.Debug|Any CPU.ActiveCfg = Debug|Any CPU
		{B08AB2B7-3EAE-8667-7952-0C9C29D8A091}.Debug|Any CPU.Build.0 = Debug|Any CPU
		{B08AB2B7-3EAE-8667-7952-0C9C29D8A091}.Release|Any CPU.ActiveCfg = Release|Any CPU
		{B08AB2B7-3EAE-8667-7952-0C9C29D8A091}.Release|Any CPU.Build.0 = Release|Any CPU
	EndGlobalSection
	GlobalSection(SolutionProperties) = preSolution
		HideSolutionNode = FALSE
	EndGlobalSection
EndGlobal
